
Microsoft Visual Studio Solution File, Format Version 12.00
# Visual Studio Version 17
VisualStudioVersion = 17.0.31912.275
MinimumVisualStudioVersion = 10.0.40219.1
Project("{FAE04EC0-301F-11D3-BF4B-00C04F79EFBC}") = "VT105", "VT105\VT105.csproj", "{A1D53D79-5BEE-0F9B-304A-7ED00FCE0BBA}"
EndProject
Global
	GlobalSection(SolutionConfigurationPlatforms) = preSolution
		Debug|Any CPU = Debug|Any CPU
		Release|Any CPU = Release|Any CPU
	EndGlobalSection
	GlobalSection(ProjectConfigurationPlatforms) = postSolution
		{A1D53D79-5BEE-0F9B-304A-7ED00FCE0BBA}.Debug|Any CPU.ActiveCfg = Debug|Any CPU
		{A1D53D79-5BEE-0F9B-304A-7ED00FCE0BBA}.Debug|Any CPU.Build.0 = Debug|Any CPU
		{A1D53D79-5BEE-0F9B-304A-7ED00FCE0BBA}.Release|Any CPU.ActiveCfg = Release|Any CPU
		{A1D53D79-5BEE-0F9B-304A-7ED00FCE0BBA}.Release|Any CPU.Build.0 = Release|Any CPU
	EndGlobalSection
	GlobalSection(SolutionProperties) = preSolution
		HideSolutionNode = FALSE
	EndGlobalSection
	GlobalSection(ExtensibilityGlobals) = postSolution
		SolutionGuid = {E51A2599-097F-4771-B70A-6E2E7EFF7106}
	EndGlobalSection
EndGlobal
